
Microsoft Visual Studio Solution File, Format Version 12.00
# Visual Studio Version 17
VisualStudioVersion = 17.13.35931.197 d17.13
MinimumVisualStudioVersion = 10.0.40219.1
Project("{C9674DCB-5085-4A16-B785-4C70DD1589BD}") = "Rest_DWBI", "Rest_DWBI\Rest_DWBI.dtproj", "{27DB0A41-2890-8A27-801C-985AAB0C4723}"
EndProject
Global
	GlobalSection(SolutionConfigurationPlatforms) = preSolution
		Development|Default = Development|Default
	EndGlobalSection
	GlobalSection(ProjectConfigurationPlatforms) = postSolution
		{27DB0A41-2890-8A27-801C-985AAB0C4723}.Development|Default.ActiveCfg = Development
		{27DB0A41-2890-8A27-801C-985AAB0C4723}.Development|Default.Build.0 = Development
	EndGlobalSection
	GlobalSection(SolutionProperties) = preSolution
		HideSolutionNode = FALSE
	EndGlobalSection
	GlobalSection(ExtensibilityGlobals) = postSolution
		SolutionGuid = {9261BAB4-1E28-4112-AA06-D4F1A414F00A}
	EndGlobalSection
EndGlobal
